
Microsoft Visual Studio Solution File, Format Version 12.00
# Visual Studio Version 17
VisualStudioVersion = 17.11.35222.181
MinimumVisualStudioVersion = 10.0.40219.1
Project("{8BC9CEB8-8B4A-11D0-8D11-00A0C91BC942}") = "ProcessListining", "ProcessListining.vcxproj", "{D9B53E53-9933-40C0-8AD4-C8EA749AE0D1}"
EndProject
Global
	GlobalSection(SolutionConfigurationPlatforms) = preSolution
		Debug|x64 = Debug|x64
		Debug|x86 = Debug|x86
		Release|x64 = Release|x64
		Release|x86 = Release|x86
	EndGlobalSection
	GlobalSection(ProjectConfigurationPlatforms) = postSolution
		{D9B53E53-9933-40C0-8AD4-C8EA749AE0D1}.Debug|x64.ActiveCfg = Debug|x64
		{D9B53E53-9933-40C0-8AD4-C8EA749AE0D1}.Debug|x64.Build.0 = Debug|x64
		{D9B53E53-9933-40C0-8AD4-C8EA749AE0D1}.Debug|x86.ActiveCfg = Debug|Win32
		{D9B53E53-9933-40C0-8AD4-C8EA749AE0D1}.Debug|x86.Build.0 = Debug|Win32
		{D9B53E53-9933-40C0-8AD4-C8EA749AE0D1}.Release|x64.ActiveCfg = Release|x64
		{D9B53E53-9933-40C0-8AD4-C8EA749AE0D1}.Release|x64.Build.0 = Release|x64
		{D9B53E53-9933-40C0-8AD4-C8EA749AE0D1}.Release|x86.ActiveCfg = Release|Win32
		{D9B53E53-9933-40C0-8AD4-C8EA749AE0D1}.Release|x86.Build.0 = Release|Win32
	EndGlobalSection
	GlobalSection(SolutionProperties) = preSolution
		HideSolutionNode = FALSE
	EndGlobalSection
	GlobalSection(ExtensibilityGlobals) = postSolution
		SolutionGuid = {6A86A3AF-6EFE-42A1-A14E-05E06B952B03}
	EndGlobalSection
EndGlobal
